// !$*UTF8*$!
{
	archiveVersion = 1;
	classes = {
	};
	objectVersion = 46;
	objects = {

/* Begin PBXBuildFile section */
		07191BCF1F017A0200A21112 /* AppDelegate.swift in Sources */ = {isa = PBXBuildFile; fileRef = 07191BCE1F017A0200A21112 /* AppDelegate.swift */; };
		07191BD61F017A0200A21112 /* tab_bar_images in Resources */ = {isa = PBXBuildFile; fileRef = 07191BD51F017A0200A21112 /* tab_bar_images */; };
		07191BF81F01915800A21112 /* LaunchScreen.storyboard in Resources */ = {isa = PBXBuildFile; fileRef = 07191BF61F01915800A21112 /* LaunchScreen.storyboard */; };
		07191BF91F01915800A21112 /* Main.storyboard in Resources */ = {isa = PBXBuildFile; fileRef = 07191BF71F01915800A21112 /* Main.storyboard */; };
		07191BFC1F01916100A21112 /* GoogleService-Info.plist in Resources */ = {isa = PBXBuildFile; fileRef = 07191BFA1F01916100A21112 /* GoogleService-Info.plist */; };
		07191C071F01AE4300A21112 /* Login.storyboard in Resources */ = {isa = PBXBuildFile; fileRef = 07191C061F01AE4300A21112 /* Login.storyboard */; };
		07191C091F01AF4E00A21112 /* LoginViewController.swift in Sources */ = {isa = PBXBuildFile; fileRef = 07191C081F01AF4E00A21112 /* LoginViewController.swift */; };
		07191C101F02D84F00A21112 /* User.swift in Sources */ = {isa = PBXBuildFile; fileRef = 07191C0F1F02D84F00A21112 /* User.swift */; };
		07191C121F02FF9300A21112 /* CreateUsernameViewController.swift in Sources */ = {isa = PBXBuildFile; fileRef = 07191C111F02FF9300A21112 /* CreateUsernameViewController.swift */; };
		07191C151F0318F200A21112 /* UserService.swift in Sources */ = {isa = PBXBuildFile; fileRef = 07191C141F0318F200A21112 /* UserService.swift */; };
		07191C171F04153900A21112 /* Constants.swift in Sources */ = {isa = PBXBuildFile; fileRef = 07191C161F04153900A21112 /* Constants.swift */; };
		07191C1A1F04176F00A21112 /* Storyboard+Utility.swift in Sources */ = {isa = PBXBuildFile; fileRef = 07191C191F04176F00A21112 /* Storyboard+Utility.swift */; };
		07191C1C1F04498A00A21112 /* HomeViewController.swift in Sources */ = {isa = PBXBuildFile; fileRef = 07191C1B1F04498A00A21112 /* HomeViewController.swift */; };
		07191C1E1F04499C00A21112 /* FindFriendsViewController.swift in Sources */ = {isa = PBXBuildFile; fileRef = 07191C1D1F04499C00A21112 /* FindFriendsViewController.swift */; };
		07191C201F05730100A21112 /* Assets.xcassets in Resources */ = {isa = PBXBuildFile; fileRef = 07191C1F1F05730100A21112 /* Assets.xcassets */; };
		07191C221F05804900A21112 /* MainTabBarController.swift in Sources */ = {isa = PBXBuildFile; fileRef = 07191C211F05804900A21112 /* MainTabBarController.swift */; };
		07434D7B1F06235A007E5502 /* MGPhotoHelper.swift in Sources */ = {isa = PBXBuildFile; fileRef = 07434D7A1F06235A007E5502 /* MGPhotoHelper.swift */; };
		CF7CDF7AF0EB2AA4DBC59822 /* Pods_Makestagram.framework in Frameworks */ = {isa = PBXBuildFile; fileRef = FE3E2B180CDBEB8590587376 /* Pods_Makestagram.framework */; };
/* End PBXBuildFile section */

/* Begin PBXFileReference section */
		07191BCB1F017A0200A21112 /* Makestagram.app */ = {isa = PBXFileReference; explicitFileType = wrapper.application; includeInIndex = 0; path = Makestagram.app; sourceTree = BUILT_PRODUCTS_DIR; };
		07191BCE1F017A0200A21112 /* AppDelegate.swift */ = {isa = PBXFileReference; lastKnownFileType = sourcecode.swift; path = AppDelegate.swift; sourceTree = "<group>"; };
		07191BD51F017A0200A21112 /* tab_bar_images */ = {isa = PBXFileReference; lastKnownFileType = folder; name = tab_bar_images; path = ../../../Downloads/makestagram_assets/tab_bar_images; sourceTree = "<group>"; };
		07191BF61F01915800A21112 /* LaunchScreen.storyboard */ = {isa = PBXFileReference; fileEncoding = 4; lastKnownFileType = file.storyboard; name = LaunchScreen.storyboard; path = Storyboards/LaunchScreen.storyboard; sourceTree = "<group>"; };
		07191BF71F01915800A21112 /* Main.storyboard */ = {isa = PBXFileReference; fileEncoding = 4; lastKnownFileType = file.storyboard; name = Main.storyboard; path = Storyboards/Main.storyboard; sourceTree = "<group>"; };
		07191BFA1F01916100A21112 /* GoogleService-Info.plist */ = {isa = PBXFileReference; fileEncoding = 4; lastKnownFileType = text.plist.xml; name = "GoogleService-Info.plist"; path = "Supporting/GoogleService-Info.plist"; sourceTree = "<group>"; };
		07191BFB1F01916100A21112 /* Info.plist */ = {isa = PBXFileReference; fileEncoding = 4; lastKnownFileType = text.plist.xml; name = Info.plist; path = Supporting/Info.plist; sourceTree = "<group>"; };
		07191C061F01AE4300A21112 /* Login.storyboard */ = {isa = PBXFileReference; fileEncoding = 4; lastKnownFileType = file.storyboard; name = Login.storyboard; path = Storyboards/Login.storyboard; sourceTree = "<group>"; };
		07191C081F01AF4E00A21112 /* LoginViewController.swift */ = {isa = PBXFileReference; fileEncoding = 4; lastKnownFileType = sourcecode.swift; path = LoginViewController.swift; sourceTree = "<group>"; };
		07191C0F1F02D84F00A21112 /* User.swift */ = {isa = PBXFileReference; fileEncoding = 4; lastKnownFileType = sourcecode.swift; path = User.swift; sourceTree = "<group>"; };
		07191C111F02FF9300A21112 /* CreateUsernameViewController.swift */ = {isa = PBXFileReference; fileEncoding = 4; lastKnownFileType = sourcecode.swift; path = CreateUsernameViewController.swift; sourceTree = "<group>"; };
		07191C141F0318F200A21112 /* UserService.swift */ = {isa = PBXFileReference; fileEncoding = 4; lastKnownFileType = sourcecode.swift; path = UserService.swift; sourceTree = "<group>"; };
		07191C161F04153900A21112 /* Constants.swift */ = {isa = PBXFileReference; fileEncoding = 4; lastKnownFileType = sourcecode.swift; path = Constants.swift; sourceTree = "<group>"; };
		07191C191F04176F00A21112 /* Storyboard+Utility.swift */ = {isa = PBXFileReference; fileEncoding = 4; lastKnownFileType = sourcecode.swift; path = "Storyboard+Utility.swift"; sourceTree = "<group>"; };
		07191C1B1F04498A00A21112 /* HomeViewController.swift */ = {isa = PBXFileReference; fileEncoding = 4; lastKnownFileType = sourcecode.swift; path = HomeViewController.swift; sourceTree = "<group>"; };
		07191C1D1F04499C00A21112 /* FindFriendsViewController.swift */ = {isa = PBXFileReference; fileEncoding = 4; lastKnownFileType = sourcecode.swift; path = FindFriendsViewController.swift; sourceTree = "<group>"; };
		07191C1F1F05730100A21112 /* Assets.xcassets */ = {isa = PBXFileReference; lastKnownFileType = folder.assetcatalog; path = Assets.xcassets; sourceTree = "<group>"; };
		07191C211F05804900A21112 /* MainTabBarController.swift */ = {isa = PBXFileReference; fileEncoding = 4; lastKnownFileType = sourcecode.swift; path = MainTabBarController.swift; sourceTree = "<group>"; };
		07434D7A1F06235A007E5502 /* MGPhotoHelper.swift */ = {isa = PBXFileReference; fileEncoding = 4; lastKnownFileType = sourcecode.swift; path = MGPhotoHelper.swift; sourceTree = "<group>"; };
		07434D7C1F06EB7C007E5502 /* AdSupport.framework */ = {isa = PBXFileReference; lastKnownFileType = wrapper.framework; name = AdSupport.framework; path = System/Library/Frameworks/AdSupport.framework; sourceTree = SDKROOT; };
		07434D7E1F06EBCD007E5502 /* iAd.framework */ = {isa = PBXFileReference; lastKnownFileType = wrapper.framework; name = iAd.framework; path = System/Library/Frameworks/iAd.framework; sourceTree = SDKROOT; };
		9CF9BF77624BA6602FF8513E /* Pods-Makestagram.release.xcconfig */ = {isa = PBXFileReference; includeInIndex = 1; lastKnownFileType = text.xcconfig; name = "Pods-Makestagram.release.xcconfig"; path = "Pods/Target Support Files/Pods-Makestagram/Pods-Makestagram.release.xcconfig"; sourceTree = "<group>"; };
		C9F250E613D1B99EFD1D5B70 /* Pods-Makestagram.debug.xcconfig */ = {isa = PBXFileReference; includeInIndex = 1; lastKnownFileType = text.xcconfig; name = "Pods-Makestagram.debug.xcconfig"; path = "Pods/Target Support Files/Pods-Makestagram/Pods-Makestagram.debug.xcconfig"; sourceTree = "<group>"; };
		FE3E2B180CDBEB8590587376 /* Pods_Makestagram.framework */ = {isa = PBXFileReference; explicitFileType = wrapper.framework; includeInIndex = 0; path = Pods_Makestagram.framework; sourceTree = BUILT_PRODUCTS_DIR; };
/* End PBXFileReference section */

/* Begin PBXFrameworksBuildPhase section */
		07191BC81F017A0200A21112 /* Frameworks */ = {
			isa = PBXFrameworksBuildPhase;
			buildActionMask = 2147483647;
			files = (
				CF7CDF7AF0EB2AA4DBC59822 /* Pods_Makestagram.framework in Frameworks */,
			);
			runOnlyForDeploymentPostprocessing = 0;
		};
/* End PBXFrameworksBuildPhase section */

/* Begin PBXGroup section */
		07191BC21F017A0200A21112 = {
			isa = PBXGroup;
			children = (
				07191BCD1F017A0200A21112 /* Makestagram */,
				07191BCC1F017A0200A21112 /* Products */,
				62F490DD76F16E00371E47F7 /* Pods */,
				8815E3AAAE5A3DB7BBAA68CA /* Frameworks */,
			);
			sourceTree = "<group>";
		};
		07191BCC1F017A0200A21112 /* Products */ = {
			isa = PBXGroup;
			children = (
				07191BCB1F017A0200A21112 /* Makestagram.app */,
			);
			name = Products;
			sourceTree = "<group>";
		};
		07191BCD1F017A0200A21112 /* Makestagram */ = {
			isa = PBXGroup;
			children = (
				07191C1F1F05730100A21112 /* Assets.xcassets */,
				07191BCE1F017A0200A21112 /* AppDelegate.swift */,
				07434D771F062239007E5502 /* Helper */,
				07191C131F0318E200A21112 /* Services */,
				07191C181F04174300A21112 /* Extensions */,
				07191C0C1F02D83100A21112 /* Models */,
				07191C001F01A86500A21112 /* View Controllers */,
				07191BFE1F01A83700A21112 /* Supporting Files */,
				07191C011F01ADD100A21112 /* Storyboards */,
				07191BD51F017A0200A21112 /* tab_bar_images */,
			);
			path = Makestagram;
			sourceTree = "<group>";
		};
		07191BFE1F01A83700A21112 /* Supporting Files */ = {
			isa = PBXGroup;
			children = (
				07191BF61F01915800A21112 /* LaunchScreen.storyboard */,
				07191BFA1F01916100A21112 /* GoogleService-Info.plist */,
				07191BFB1F01916100A21112 /* Info.plist */,
				07191C161F04153900A21112 /* Constants.swift */,
			);
			name = "Supporting Files";
			sourceTree = "<group>";
		};
		07191C001F01A86500A21112 /* View Controllers */ = {
			isa = PBXGroup;
			children = (
				07191C081F01AF4E00A21112 /* LoginViewController.swift */,
				07191C111F02FF9300A21112 /* CreateUsernameViewController.swift */,
				07191C1B1F04498A00A21112 /* HomeViewController.swift */,
				07191C1D1F04499C00A21112 /* FindFriendsViewController.swift */,
				07191C211F05804900A21112 /* MainTabBarController.swift */,
			);
			name = "View Controllers";
			sourceTree = "<group>";
		};
		07191C011F01ADD100A21112 /* Storyboards */ = {
			isa = PBXGroup;
			children = (
				07191BF71F01915800A21112 /* Main.storyboard */,
				07191C061F01AE4300A21112 /* Login.storyboard */,
			);
			name = Storyboards;
			sourceTree = "<group>";
		};
		07191C0C1F02D83100A21112 /* Models */ = {
			isa = PBXGroup;
			children = (
				07191C0F1F02D84F00A21112 /* User.swift */,
			);
			name = Models;
			sourceTree = "<group>";
		};
		07191C131F0318E200A21112 /* Services */ = {
			isa = PBXGroup;
			children = (
				07191C141F0318F200A21112 /* UserService.swift */,
			);
			name = Services;
			sourceTree = "<group>";
		};
		07191C181F04174300A21112 /* Extensions */ = {
			isa = PBXGroup;
			children = (
				07191C191F04176F00A21112 /* Storyboard+Utility.swift */,
			);
			name = Extensions;
			sourceTree = "<group>";
		};
		07434D771F062239007E5502 /* Helper */ = {
			isa = PBXGroup;
			children = (
				07434D7A1F06235A007E5502 /* MGPhotoHelper.swift */,
			);
			name = Helper;
			sourceTree = "<group>";
		};
		62F490DD76F16E00371E47F7 /* Pods */ = {
			isa = PBXGroup;
			children = (
				C9F250E613D1B99EFD1D5B70 /* Pods-Makestagram.debug.xcconfig */,
				9CF9BF77624BA6602FF8513E /* Pods-Makestagram.release.xcconfig */,
			);
			name = Pods;
			sourceTree = "<group>";
		};
		8815E3AAAE5A3DB7BBAA68CA /* Frameworks */ = {
			isa = PBXGroup;
			children = (
				07434D7E1F06EBCD007E5502 /* iAd.framework */,
				07434D7C1F06EB7C007E5502 /* AdSupport.framework */,
				FE3E2B180CDBEB8590587376 /* Pods_Makestagram.framework */,
			);
			name = Frameworks;
			sourceTree = "<group>";
		};
/* End PBXGroup section */

/* Begin PBXNativeTarget section */
		07191BCA1F017A0200A21112 /* Makestagram */ = {
			isa = PBXNativeTarget;
			buildConfigurationList = 07191BDD1F017A0200A21112 /* Build configuration list for PBXNativeTarget "Makestagram" */;
			buildPhases = (
				8A326EDC96F9BB46903D328F /* [CP] Check Pods Manifest.lock */,
				07191BC71F017A0200A21112 /* Sources */,
				07191BC81F017A0200A21112 /* Frameworks */,
				07191BC91F017A0200A21112 /* Resources */,
				E434826D358679EC311B0D3C /* [CP] Embed Pods Frameworks */,
				F5C64EC6E3E2F98A516FF997 /* [CP] Copy Pods Resources */,
			);
			buildRules = (
			);
			dependencies = (
			);
			name = Makestagram;
			productName = Makestagram;
			productReference = 07191BCB1F017A0200A21112 /* Makestagram.app */;
			productType = "com.apple.product-type.application";
		};
/* End PBXNativeTarget section */

/* Begin PBXProject section */
		07191BC31F017A0200A21112 /* Project object */ = {
			isa = PBXProject;
			attributes = {
				LastSwiftUpdateCheck = 0830;
				LastUpgradeCheck = 0830;
				ORGANIZATIONNAME = "Make School";
				TargetAttributes = {
					07191BCA1F017A0200A21112 = {
						CreatedOnToolsVersion = 8.3.3;
						ProvisioningStyle = Automatic;
					};
				};
			};
			buildConfigurationList = 07191BC61F017A0200A21112 /* Build configuration list for PBXProject "Makestagram" */;
			compatibilityVersion = "Xcode 3.2";
			developmentRegion = English;
			hasScannedForEncodings = 0;
			knownRegions = (
				en,
				Base,
			);
			mainGroup = 07191BC21F017A0200A21112;
			productRefGroup = 07191BCC1F017A0200A21112 /* Products */;
			projectDirPath = "";
			projectRoot = "";
			targets = (
				07191BCA1F017A0200A21112 /* Makestagram */,
			);
		};
/* End PBXProject section */

/* Begin PBXResourcesBuildPhase section */
		07191BC91F017A0200A21112 /* Resources */ = {
			isa = PBXResourcesBuildPhase;
			buildActionMask = 2147483647;
			files = (
				07191BF91F01915800A21112 /* Main.storyboard in Resources */,
				07191BFC1F01916100A21112 /* GoogleService-Info.plist in Resources */,
				07191BD61F017A0200A21112 /* tab_bar_images in Resources */,
				07191C071F01AE4300A21112 /* Login.storyboard in Resources */,
				07191C201F05730100A21112 /* Assets.xcassets in Resources */,
				07191BF81F01915800A21112 /* LaunchScreen.storyboard in Resources */,
			);
			runOnlyForDeploymentPostprocessing = 0;
		};
/* End PBXResourcesBuildPhase section */

/* Begin PBXShellScriptBuildPhase section */
		8A326EDC96F9BB46903D328F /* [CP] Check Pods Manifest.lock */ = {
			isa = PBXShellScriptBuildPhase;
			buildActionMask = 2147483647;
			files = (
			);
			inputPaths = (
			);
			name = "[CP] Check Pods Manifest.lock";
			outputPaths = (
			);
			runOnlyForDeploymentPostprocessing = 0;
			shellPath = /bin/sh;
			shellScript = "diff \"${PODS_PODFILE_DIR_PATH}/Podfile.lock\" \"${PODS_ROOT}/Manifest.lock\" > /dev/null\nif [ $? != 0 ] ; then\n    # print error to STDERR\n    echo \"error: The sandbox is not in sync with the Podfile.lock. Run 'pod install' or update your CocoaPods installation.\" >&2\n    exit 1\nfi\n";
			showEnvVarsInLog = 0;
		};
		E434826D358679EC311B0D3C /* [CP] Embed Pods Frameworks */ = {
			isa = PBXShellScriptBuildPhase;
			buildActionMask = 2147483647;
			files = (
			);
			inputPaths = (
			);
			name = "[CP] Embed Pods Frameworks";
			outputPaths = (
			);
			runOnlyForDeploymentPostprocessing = 0;
			shellPath = /bin/sh;
			shellScript = "\"${SRCROOT}/Pods/Target Support Files/Pods-Makestagram/Pods-Makestagram-frameworks.sh\"\n";
			showEnvVarsInLog = 0;
		};
		F5C64EC6E3E2F98A516FF997 /* [CP] Copy Pods Resources */ = {
			isa = PBXShellScriptBuildPhase;
			buildActionMask = 2147483647;
			files = (
			);
			inputPaths = (
			);
			name = "[CP] Copy Pods Resources";
			outputPaths = (
			);
			runOnlyForDeploymentPostprocessing = 0;
			shellPath = /bin/sh;
			shellScript = "\"${SRCROOT}/Pods/Target Support Files/Pods-Makestagram/Pods-Makestagram-resources.sh\"\n";
			showEnvVarsInLog = 0;
		};
/* End PBXShellScriptBuildPhase section */

/* Begin PBXSourcesBuildPhase section */
		07191BC71F017A0200A21112 /* Sources */ = {
			isa = PBXSourcesBuildPhase;
			buildActionMask = 2147483647;
			files = (
				07191C101F02D84F00A21112 /* User.swift in Sources */,
				07191C091F01AF4E00A21112 /* LoginViewController.swift in Sources */,
				07191C221F05804900A21112 /* MainTabBarController.swift in Sources */,
				07191C151F0318F200A21112 /* UserService.swift in Sources */,
				07191C1C1F04498A00A21112 /* HomeViewController.swift in Sources */,
				07434D7B1F06235A007E5502 /* MGPhotoHelper.swift in Sources */,
				07191C1A1F04176F00A21112 /* Storyboard+Utility.swift in Sources */,
				07191C1E1F04499C00A21112 /* FindFriendsViewController.swift in Sources */,
				07191C171F04153900A21112 /* Constants.swift in Sources */,
				07191C121F02FF9300A21112 /* CreateUsernameViewController.swift in Sources */,
				07191BCF1F017A0200A21112 /* AppDelegate.swift in Sources */,
			);
			runOnlyForDeploymentPostprocessing = 0;
		};
/* End PBXSourcesBuildPhase section */

/* Begin XCBuildConfiguration section */
		07191BDB1F017A0200A21112 /* Debug */ = {
			isa = XCBuildConfiguration;
			buildSettings = {
				ALWAYS_SEARCH_USER_PATHS = NO;
				CLANG_ANALYZER_NONNULL = YES;
				CLANG_ANALYZER_NUMBER_OBJECT_CONVERSION = YES_AGGRESSIVE;
				CLANG_CXX_LANGUAGE_STANDARD = "gnu++0x";
				CLANG_CXX_LIBRARY = "libc++";
				CLANG_ENABLE_MODULES = YES;
				CLANG_ENABLE_OBJC_ARC = YES;
				CLANG_WARN_BOOL_CONVERSION = YES;
				CLANG_WARN_CONSTANT_CONVERSION = YES;
				CLANG_WARN_DIRECT_OBJC_ISA_USAGE = YES_ERROR;
				CLANG_WARN_DOCUMENTATION_COMMENTS = YES;
				CLANG_WARN_EMPTY_BODY = YES;
				CLANG_WARN_ENUM_CONVERSION = YES;
				CLANG_WARN_INFINITE_RECURSION = YES;
				CLANG_WARN_INT_CONVERSION = YES;
				CLANG_WARN_OBJC_ROOT_CLASS = YES_ERROR;
				CLANG_WARN_SUSPICIOUS_MOVE = YES;
				CLANG_WARN_UNREACHABLE_CODE = YES;
				CLANG_WARN__DUPLICATE_METHOD_MATCH = YES;
				"CODE_SIGN_IDENTITY[sdk=iphoneos*]" = "iPhone Developer";
				COPY_PHASE_STRIP = NO;
				DEBUG_INFORMATION_FORMAT = dwarf;
				ENABLE_STRICT_OBJC_MSGSEND = YES;
				ENABLE_TESTABILITY = YES;
				GCC_C_LANGUAGE_STANDARD = gnu99;
				GCC_DYNAMIC_NO_PIC = NO;
				GCC_NO_COMMON_BLOCKS = YES;
				GCC_OPTIMIZATION_LEVEL = 0;
				GCC_PREPROCESSOR_DEFINITIONS = (
					"DEBUG=1",
					"$(inherited)",
				);
				GCC_WARN_64_TO_32_BIT_CONVERSION = YES;
				GCC_WARN_ABOUT_RETURN_TYPE = YES_ERROR;
				GCC_WARN_UNDECLARED_SELECTOR = YES;
				GCC_WARN_UNINITIALIZED_AUTOS = YES_AGGRESSIVE;
				GCC_WARN_UNUSED_FUNCTION = YES;
				GCC_WARN_UNUSED_VARIABLE = YES;
				IPHONEOS_DEPLOYMENT_TARGET = 10.3;
				MTL_ENABLE_DEBUG_INFO = YES;
				ONLY_ACTIVE_ARCH = YES;
				SDKROOT = iphoneos;
				SWIFT_ACTIVE_COMPILATION_CONDITIONS = DEBUG;
				SWIFT_OPTIMIZATION_LEVEL = "-Onone";
			};
			name = Debug;
		};
		07191BDC1F017A0200A21112 /* Release */ = {
			isa = XCBuildConfiguration;
			buildSettings = {
				ALWAYS_SEARCH_USER_PATHS = NO;
				CLANG_ANALYZER_NONNULL = YES;
				CLANG_ANALYZER_NUMBER_OBJECT_CONVERSION = YES_AGGRESSIVE;
				CLANG_CXX_LANGUAGE_STANDARD = "gnu++0x";
				CLANG_CXX_LIBRARY = "libc++";
				CLANG_ENABLE_MODULES = YES;
				CLANG_ENABLE_OBJC_ARC = YES;
				CLANG_WARN_BOOL_CONVERSION = YES;
				CLANG_WARN_CONSTANT_CONVERSION = YES;
				CLANG_WARN_DIRECT_OBJC_ISA_USAGE = YES_ERROR;
				CLANG_WARN_DOCUMENTATION_COMMENTS = YES;
				CLANG_WARN_EMPTY_BODY = YES;
				CLANG_WARN_ENUM_CONVERSION = YES;
				CLANG_WARN_INFINITE_RECURSION = YES;
				CLANG_WARN_INT_CONVERSION = YES;
				CLANG_WARN_OBJC_ROOT_CLASS = YES_ERROR;
				CLANG_WARN_SUSPICIOUS_MOVE = YES;
				CLANG_WARN_UNREACHABLE_CODE = YES;
				CLANG_WARN__DUPLICATE_METHOD_MATCH = YES;
				"CODE_SIGN_IDENTITY[sdk=iphoneos*]" = "iPhone Developer";
				COPY_PHASE_STRIP = NO;
				DEBUG_INFORMATION_FORMAT = "dwarf-with-dsym";
				ENABLE_NS_ASSERTIONS = NO;
				ENABLE_STRICT_OBJC_MSGSEND = YES;
				GCC_C_LANGUAGE_STANDARD = gnu99;
				GCC_NO_COMMON_BLOCKS = YES;
				GCC_WARN_64_TO_32_BIT_CONVERSION = YES;
				GCC_WARN_ABOUT_RETURN_TYPE = YES_ERROR;
				GCC_WARN_UNDECLARED_SELECTOR = YES;
				GCC_WARN_UNINITIALIZED_AUTOS = YES_AGGRESSIVE;
				GCC_WARN_UNUSED_FUNCTION = YES;
				GCC_WARN_UNUSED_VARIABLE = YES;
				IPHONEOS_DEPLOYMENT_TARGET = 10.3;
				MTL_ENABLE_DEBUG_INFO = NO;
				SDKROOT = iphoneos;
				SWIFT_OPTIMIZATION_LEVEL = "-Owholemodule";
				VALIDATE_PRODUCT = YES;
			};
			name = Release;
		};
		07191BDE1F017A0200A21112 /* Debug */ = {
			isa = XCBuildConfiguration;
			baseConfigurationReference = C9F250E613D1B99EFD1D5B70 /* Pods-Makestagram.debug.xcconfig */;
			buildSettings = {
				ASSETCATALOG_COMPILER_APPICON_NAME = AppIcon;
				INFOPLIST_FILE = "$(SRCROOT)/Makestagram/Supporting/Info.plist";
				LD_RUNPATH_SEARCH_PATHS = "$(inherited) @executable_path/Frameworks";
				PRODUCT_BUNDLE_IDENTIFIER = com.makeschool.Makestagram;
				PRODUCT_NAME = "$(TARGET_NAME)";
				SWIFT_VERSION = 3.0;
			};
			name = Debug;
		};
		07191BDF1F017A0200A21112 /* Release */ = {
			isa = XCBuildConfiguration;
			baseConfigurationReference = 9CF9BF77624BA6602FF8513E /* Pods-Makestagram.release.xcconfig */;
			buildSettings = {
				ASSETCATALOG_COMPILER_APPICON_NAME = AppIcon;
				INFOPLIST_FILE = "$(SRCROOT)/Makestagram/Supporting/Info.plist";
				LD_RUNPATH_SEARCH_PATHS = "$(inherited) @executable_path/Frameworks";
				PRODUCT_BUNDLE_IDENTIFIER = com.makeschool.Makestagram;
				PRODUCT_NAME = "$(TARGET_NAME)";
				SWIFT_VERSION = 3.0;
			};
			name = Release;
		};
/* End XCBuildConfiguration section */

/* Begin XCConfigurationList section */
		07191BC61F017A0200A21112 /* Build configuration list for PBXProject "Makestagram" */ = {
			isa = XCConfigurationList;
			buildConfigurations = (
				07191BDB1F017A0200A21112 /* Debug */,
				07191BDC1F017A0200A21112 /* Release */,
			);
			defaultConfigurationIsVisible = 0;
			defaultConfigurationName = Release;
		};
		07191BDD1F017A0200A21112 /* Build configuration list for PBXNativeTarget "Makestagram" */ = {
			isa = XCConfigurationList;
			buildConfigurations = (
				07191BDE1F017A0200A21112 /* Debug */,
				07191BDF1F017A0200A21112 /* Release */,
			);
			defaultConfigurationIsVisible = 0;
			defaultConfigurationName = Release;
		};
/* End XCConfigurationList section */
	};
	rootObject = 07191BC31F017A0200A21112 /* Project object */;
}
